{
  "name": "ubuntu-base",
  "lockfileVersion": 3,
  "requires": true,
  "packages": {
    "": {
      "devDependencies": {
        "@cspell/dict-docker": "^1.1.7",
        "@cspell/dict-makefile": "^1.0.0"
      }
    },
    "node_modules/@cspell/dict-docker": {
      "version": "1.1.7",
      "resolved": "https://registry.npmjs.org/@cspell/dict-docker/-/dict-docker-1.1.7.tgz",
      "integrity": "sha512-XlXHAr822euV36GGsl2J1CkBIVg3fZ6879ZOg5dxTIssuhUOCiV2BuzKZmt6aIFmcdPmR14+9i9Xq+3zuxeX0A==",
      "dev": true
    },
    "node_modules/@cspell/dict-makefile": {
      "version": "1.0.0",
      "resolved": "https://registry.npmjs.org/@cspell/dict-makefile/-/dict-makefile-1.0.0.tgz",
      "integrity": "sha512-3W9tHPcSbJa6s0bcqWo6VisEDTSN5zOtDbnPabF7rbyjRpNo0uHXHRJQF8gAbFzoTzBBhgkTmrfSiuyQm7vBUQ==",
      "dev": true
    }
  }
}
